
Microsoft Visual Studio Solution File, Format Version 12.00
# Visual Studio Version 17
VisualStudioVersion = 17.7.34221.43
MinimumVisualStudioVersion = 10.0.40219.1
Project("{FAE04EC0-301F-11D3-BF4B-00C04F79EFBC}") = "APIDemovs2", "APIDemovs2.csproj", "{F54C9A3C-AAE1-4758-B951-CA6EEAB86966}"
EndProject
Global
	GlobalSection(SolutionConfigurationPlatforms) = preSolution
		Debug|Any CPU = Debug|Any CPU
		Release|Any CPU = Release|Any CPU
	EndGlobalSection
	GlobalSection(ProjectConfigurationPlatforms) = postSolution
		{F54C9A3C-AAE1-4758-B951-CA6EEAB86966}.Debug|Any CPU.ActiveCfg = Debug|Any CPU
		{F54C9A3C-AAE1-4758-B951-CA6EEAB86966}.Debug|Any CPU.Build.0 = Debug|Any CPU
		{F54C9A3C-AAE1-4758-B951-CA6EEAB86966}.Release|Any CPU.ActiveCfg = Release|Any CPU
		{F54C9A3C-AAE1-4758-B951-CA6EEAB86966}.Release|Any CPU.Build.0 = Release|Any CPU
	EndGlobalSection
	GlobalSection(SolutionProperties) = preSolution
		HideSolutionNode = FALSE
	EndGlobalSection
	GlobalSection(ExtensibilityGlobals) = postSolution
		SolutionGuid = {97490ABC-A7E8-41D2-A736-F98E5CD5BDAA}
	EndGlobalSection
EndGlobal
